
Microsoft Visual Studio Solution File, Format Version 12.00
# Visual Studio Version 17
VisualStudioVersion = 17.13.35931.197
MinimumVisualStudioVersion = 10.0.40219.1
Project("{FAE04EC0-301F-11D3-BF4B-00C04F79EFBC}") = "BookStore", "BookStore\BookStore.csproj", "{975FCB7A-44F4-4154-B372-078BF397335F}"
EndProject
Project("{FAE04EC0-301F-11D3-BF4B-00C04F79EFBC}") = "BookStoreRazor_Temp", "BookStoreRazor_Temp\BookStoreRazor_Temp.csproj", "{9F1EAF10-3DF4-4E37-94E1-CAF2084EF5F3}"
EndProject
Project("{FAE04EC0-301F-11D3-BF4B-00C04F79EFBC}") = "BookStore.DataAccess", "BookStore.DataAccess\BookStore.DataAccess.csproj", "{24EAFEC2-47BA-48F1-9DAA-ADD1F518E480}"
EndProject
Project("{FAE04EC0-301F-11D3-BF4B-00C04F79EFBC}") = "BookStore.Models", "BookStore.Models\BookStore.Models.csproj", "{E4ECAF0C-1622-4D14-8682-361039738747}"
EndProject
Project("{FAE04EC0-301F-11D3-BF4B-00C04F79EFBC}") = "BookStore.Utilities", "BookStore.Utilities\BookStore.Utilities.csproj", "{174D08BC-7DCD-443C-B649-AB54EB737EA1}"
EndProject
Global
	GlobalSection(SolutionConfigurationPlatforms) = preSolution
		Debug|Any CPU = Debug|Any CPU
		Release|Any CPU = Release|Any CPU
	EndGlobalSection
	GlobalSection(ProjectConfigurationPlatforms) = postSolution
		{975FCB7A-44F4-4154-B372-078BF397335F}.Debug|Any CPU.ActiveCfg = Debug|Any CPU
		{975FCB7A-44F4-4154-B372-078BF397335F}.Debug|Any CPU.Build.0 = Debug|Any CPU
		{975FCB7A-44F4-4154-B372-078BF397335F}.Release|Any CPU.ActiveCfg = Release|Any CPU
		{975FCB7A-44F4-4154-B372-078BF397335F}.Release|Any CPU.Build.0 = Release|Any CPU
		{9F1EAF10-3DF4-4E37-94E1-CAF2084EF5F3}.Debug|Any CPU.ActiveCfg = Debug|Any CPU
		{9F1EAF10-3DF4-4E37-94E1-CAF2084EF5F3}.Debug|Any CPU.Build.0 = Debug|Any CPU
		{9F1EAF10-3DF4-4E37-94E1-CAF2084EF5F3}.Release|Any CPU.ActiveCfg = Release|Any CPU
		{9F1EAF10-3DF4-4E37-94E1-CAF2084EF5F3}.Release|Any CPU.Build.0 = Release|Any CPU
		{24EAFEC2-47BA-48F1-9DAA-ADD1F518E480}.Debug|Any CPU.ActiveCfg = Debug|Any CPU
		{24EAFEC2-47BA-48F1-9DAA-ADD1F518E480}.Debug|Any CPU.Build.0 = Debug|Any CPU
		{24EAFEC2-47BA-48F1-9DAA-ADD1F518E480}.Release|Any CPU.ActiveCfg = Release|Any CPU
		{24EAFEC2-47BA-48F1-9DAA-ADD1F518E480}.Release|Any CPU.Build.0 = Release|Any CPU
		{E4ECAF0C-1622-4D14-8682-361039738747}.Debug|Any CPU.ActiveCfg = Debug|Any CPU
		{E4ECAF0C-1622-4D14-8682-361039738747}.Debug|Any CPU.Build.0 = Debug|Any CPU
		{E4ECAF0C-1622-4D14-8682-361039738747}.Release|Any CPU.ActiveCfg = Release|Any CPU
		{E4ECAF0C-1622-4D14-8682-361039738747}.Release|Any CPU.Build.0 = Release|Any CPU
		{174D08BC-7DCD-443C-B649-AB54EB737EA1}.Debug|Any CPU.ActiveCfg = Debug|Any CPU
		{174D08BC-7DCD-443C-B649-AB54EB737EA1}.Debug|Any CPU.Build.0 = Debug|Any CPU
		{174D08BC-7DCD-443C-B649-AB54EB737EA1}.Release|Any CPU.ActiveCfg = Release|Any CPU
		{174D08BC-7DCD-443C-B649-AB54EB737EA1}.Release|Any CPU.Build.0 = Release|Any CPU
	EndGlobalSection
	GlobalSection(SolutionProperties) = preSolution
		HideSolutionNode = FALSE
	EndGlobalSection
	GlobalSection(ExtensibilityGlobals) = postSolution
		SolutionGuid = {A015D5C6-AB67-4FA3-AAD4-D0C94D51BC56}
	EndGlobalSection
EndGlobal
